
Microsoft Visual Studio Solution File, Format Version 12.00
# Visual Studio Version 16
VisualStudioVersion = 16.0.31515.178
MinimumVisualStudioVersion = 10.0.40219.1
Project("{FAE04EC0-301F-11D3-BF4B-00C04F79EFBC}") = "Phasmophobia-Ghost-Finding", "Phasmophobia-Ghost-Finding.csproj", "{99BEB9B1-B7D8-4D51-AE2A-0113546CD110}"
EndProject
Global
	GlobalSection(SolutionConfigurationPlatforms) = preSolution
		Debug|Any CPU = Debug|Any CPU
		Release|Any CPU = Release|Any CPU
	EndGlobalSection
	GlobalSection(ProjectConfigurationPlatforms) = postSolution
		{99BEB9B1-B7D8-4D51-AE2A-0113546CD110}.Debug|Any CPU.ActiveCfg = Debug|Any CPU
		{99BEB9B1-B7D8-4D51-AE2A-0113546CD110}.Debug|Any CPU.Build.0 = Debug|Any CPU
		{99BEB9B1-B7D8-4D51-AE2A-0113546CD110}.Release|Any CPU.ActiveCfg = Release|Any CPU
		{99BEB9B1-B7D8-4D51-AE2A-0113546CD110}.Release|Any CPU.Build.0 = Release|Any CPU
	EndGlobalSection
	GlobalSection(SolutionProperties) = preSolution
		HideSolutionNode = FALSE
	EndGlobalSection
	GlobalSection(ExtensibilityGlobals) = postSolution
		SolutionGuid = {74E6C36D-8FA6-4E87-9B78-F0627B4BCDCF}
	EndGlobalSection
EndGlobal
